
Microsoft Visual Studio Solution File, Format Version 12.00
# Visual Studio Version 16
VisualStudioVersion = 16.0.36107.64
MinimumVisualStudioVersion = 10.0.40219.1
Project("{888888A0-9F3D-457C-B088-3A5042F75D52}") = "boligprediksjon_fastapi", "boligprediksjon_fastapi.pyproj", "{D90E5E7F-A60D-4332-86E8-00661A191D77}"
EndProject
Global
	GlobalSection(SolutionConfigurationPlatforms) = preSolution
		Debug|Any CPU = Debug|Any CPU
		Release|Any CPU = Release|Any CPU
	EndGlobalSection
	GlobalSection(ProjectConfigurationPlatforms) = postSolution
		{D90E5E7F-A60D-4332-86E8-00661A191D77}.Debug|Any CPU.ActiveCfg = Debug|Any CPU
		{D90E5E7F-A60D-4332-86E8-00661A191D77}.Release|Any CPU.ActiveCfg = Release|Any CPU
	EndGlobalSection
	GlobalSection(SolutionProperties) = preSolution
		HideSolutionNode = FALSE
	EndGlobalSection
	GlobalSection(ExtensibilityGlobals) = postSolution
		SolutionGuid = {59E27F47-B25E-4CA0-9462-BEF6B04F2795}
	EndGlobalSection
EndGlobal
